// !$*UTF8*$!
{
	archiveVersion = 1;
	classes = {
	};
	objectVersion = 55;
	objects = {

/* Begin PBXBuildFile section */
		AE56272D28BBBB8C00C19B2E /* PokemonViewModelTests.swift in Sources */ = {isa = PBXBuildFile; fileRef = AE56272C28BBBB8C00C19B2E /* PokemonViewModelTests.swift */; };
		AE5BD62828BA571D006BC59C /* PokemonDataHTTPRequest.swift in Sources */ = {isa = PBXBuildFile; fileRef = AE5BD62728BA571D006BC59C /* PokemonDataHTTPRequest.swift */; };
		AE5BD62E28BA60E9006BC59C /* PokemonListHTTPRequest.swift in Sources */ = {isa = PBXBuildFile; fileRef = AE5BD62D28BA60E9006BC59C /* PokemonListHTTPRequest.swift */; };
		AE5D386928BA044A00ABE7BB /* Kingfisher in Frameworks */ = {isa = PBXBuildFile; productRef = AE5D386828BA044A00ABE7BB /* Kingfisher */; };
		AE5D386B28BA0A4200ABE7BB /* FavoriteTableView.swift in Sources */ = {isa = PBXBuildFile; fileRef = AE5D386A28BA0A4200ABE7BB /* FavoriteTableView.swift */; };
		AE5D386D28BA0A9500ABE7BB /* SampleData.swift in Sources */ = {isa = PBXBuildFile; fileRef = AE5D386C28BA0A9500ABE7BB /* SampleData.swift */; };
		AE5D386F28BA0B3600ABE7BB /* PokemonViewModel.swift in Sources */ = {isa = PBXBuildFile; fileRef = AE5D386E28BA0B3600ABE7BB /* PokemonViewModel.swift */; };
		AE5D387428BA0E6700ABE7BB /* ForEachWithIndex.swift in Sources */ = {isa = PBXBuildFile; fileRef = AE5D387328BA0E6700ABE7BB /* ForEachWithIndex.swift */; };
		AE63D43128B9F95200688AD2 /* PokemonApp.swift in Sources */ = {isa = PBXBuildFile; fileRef = AE63D43028B9F95200688AD2 /* PokemonApp.swift */; };
		AE63D43328B9F95200688AD2 /* ContentView.swift in Sources */ = {isa = PBXBuildFile; fileRef = AE63D43228B9F95200688AD2 /* ContentView.swift */; };
		AE63D43528B9F95400688AD2 /* Assets.xcassets in Resources */ = {isa = PBXBuildFile; fileRef = AE63D43428B9F95400688AD2 /* Assets.xcassets */; };
		AE63D43828B9F95400688AD2 /* Preview Assets.xcassets in Resources */ = {isa = PBXBuildFile; fileRef = AE63D43728B9F95400688AD2 /* Preview Assets.xcassets */; };
		AE63D44228B9F95400688AD2 /* PokemonTests.swift in Sources */ = {isa = PBXBuildFile; fileRef = AE63D44128B9F95400688AD2 /* PokemonTests.swift */; };
		AE63D44C28B9F95400688AD2 /* PokemonUITests.swift in Sources */ = {isa = PBXBuildFile; fileRef = AE63D44B28B9F95400688AD2 /* PokemonUITests.swift */; };
		AE63D44E28B9F95400688AD2 /* PokemonUITestsLaunchTests.swift in Sources */ = {isa = PBXBuildFile; fileRef = AE63D44D28B9F95400688AD2 /* PokemonUITestsLaunchTests.swift */; };
		AE9DDE2528B9FC7E00B5E12E /* PokemonData.swift in Sources */ = {isa = PBXBuildFile; fileRef = AE9DDE2428B9FC7E00B5E12E /* PokemonData.swift */; };
		AED067BA28BB707A00D42AD9 /* FavoriteTableCellView.swift in Sources */ = {isa = PBXBuildFile; fileRef = AED067B928BB707A00D42AD9 /* FavoriteTableCellView.swift */; };
		AED5CF8C28BD26B500B8E5C2 /* NetworkKit in Frameworks */ = {isa = PBXBuildFile; productRef = AED5CF8B28BD26B500B8E5C2 /* NetworkKit */; };
		AEF1260E28B9FD5300E9E9B1 /* PokemonTableView.swift in Sources */ = {isa = PBXBuildFile; fileRef = AEF1260D28B9FD5300E9E9B1 /* PokemonTableView.swift */; };
		AEF1261028B9FD7B00E9E9B1 /* PokemonTableCellView.swift in Sources */ = {isa = PBXBuildFile; fileRef = AEF1260F28B9FD7B00E9E9B1 /* PokemonTableCellView.swift */; };
		AEF6CADA28BB1888006CD787 /* PokemonDetailView.swift in Sources */ = {isa = PBXBuildFile; fileRef = AEF6CAD928BB1888006CD787 /* PokemonDetailView.swift */; };
		AEF6CADC28BB23F0006CD787 /* RouteManager.swift in Sources */ = {isa = PBXBuildFile; fileRef = AEF6CADB28BB23F0006CD787 /* RouteManager.swift */; };
/* End PBXBuildFile section */

/* Begin PBXContainerItemProxy section */
		AE63D43E28B9F95400688AD2 /* PBXContainerItemProxy */ = {
			isa = PBXContainerItemProxy;
			containerPortal = AE63D42528B9F95200688AD2 /* Project object */;
			proxyType = 1;
			remoteGlobalIDString = AE63D42C28B9F95200688AD2;
			remoteInfo = Pokemon;
		};
		AE63D44828B9F95400688AD2 /* PBXContainerItemProxy */ = {
			isa = PBXContainerItemProxy;
			containerPortal = AE63D42528B9F95200688AD2 /* Project object */;
			proxyType = 1;
			remoteGlobalIDString = AE63D42C28B9F95200688AD2;
			remoteInfo = Pokemon;
		};
/* End PBXContainerItemProxy section */

/* Begin PBXFileReference section */
		AE56272C28BBBB8C00C19B2E /* PokemonViewModelTests.swift */ = {isa = PBXFileReference; lastKnownFileType = sourcecode.swift; path = PokemonViewModelTests.swift; sourceTree = "<group>"; };
		AE5BD62728BA571D006BC59C /* PokemonDataHTTPRequest.swift */ = {isa = PBXFileReference; lastKnownFileType = sourcecode.swift; path = PokemonDataHTTPRequest.swift; sourceTree = "<group>"; };
		AE5BD62D28BA60E9006BC59C /* PokemonListHTTPRequest.swift */ = {isa = PBXFileReference; lastKnownFileType = sourcecode.swift; path = PokemonListHTTPRequest.swift; sourceTree = "<group>"; };
		AE5D386A28BA0A4200ABE7BB /* FavoriteTableView.swift */ = {isa = PBXFileReference; lastKnownFileType = sourcecode.swift; path = FavoriteTableView.swift; sourceTree = "<group>"; };
		AE5D386C28BA0A9500ABE7BB /* SampleData.swift */ = {isa = PBXFileReference; lastKnownFileType = sourcecode.swift; path = SampleData.swift; sourceTree = "<group>"; };
		AE5D386E28BA0B3600ABE7BB /* PokemonViewModel.swift */ = {isa = PBXFileReference; lastKnownFileType = sourcecode.swift; path = PokemonViewModel.swift; sourceTree = "<group>"; };
		AE5D387328BA0E6700ABE7BB /* ForEachWithIndex.swift */ = {isa = PBXFileReference; fileEncoding = 4; lastKnownFileType = sourcecode.swift; path = ForEachWithIndex.swift; sourceTree = "<group>"; };
		AE63D42D28B9F95200688AD2 /* Pokemon.app */ = {isa = PBXFileReference; explicitFileType = wrapper.application; includeInIndex = 0; path = Pokemon.app; sourceTree = BUILT_PRODUCTS_DIR; };
		AE63D43028B9F95200688AD2 /* PokemonApp.swift */ = {isa = PBXFileReference; lastKnownFileType = sourcecode.swift; path = PokemonApp.swift; sourceTree = "<group>"; };
		AE63D43228B9F95200688AD2 /* ContentView.swift */ = {isa = PBXFileReference; lastKnownFileType = sourcecode.swift; path = ContentView.swift; sourceTree = "<group>"; };
		AE63D43428B9F95400688AD2 /* Assets.xcassets */ = {isa = PBXFileReference; lastKnownFileType = folder.assetcatalog; path = Assets.xcassets; sourceTree = "<group>"; };
		AE63D43728B9F95400688AD2 /* Preview Assets.xcassets */ = {isa = PBXFileReference; lastKnownFileType = folder.assetcatalog; path = "Preview Assets.xcassets"; sourceTree = "<group>"; };
		AE63D43D28B9F95400688AD2 /* PokemonTests.xctest */ = {isa = PBXFileReference; explicitFileType = wrapper.cfbundle; includeInIndex = 0; path = PokemonTests.xctest; sourceTree = BUILT_PRODUCTS_DIR; };
		AE63D44128B9F95400688AD2 /* PokemonTests.swift */ = {isa = PBXFileReference; lastKnownFileType = sourcecode.swift; path = PokemonTests.swift; sourceTree = "<group>"; };
		AE63D44728B9F95400688AD2 /* PokemonUITests.xctest */ = {isa = PBXFileReference; explicitFileType = wrapper.cfbundle; includeInIndex = 0; path = PokemonUITests.xctest; sourceTree = BUILT_PRODUCTS_DIR; };
		AE63D44B28B9F95400688AD2 /* PokemonUITests.swift */ = {isa = PBXFileReference; lastKnownFileType = sourcecode.swift; path = PokemonUITests.swift; sourceTree = "<group>"; };
		AE63D44D28B9F95400688AD2 /* PokemonUITestsLaunchTests.swift */ = {isa = PBXFileReference; lastKnownFileType = sourcecode.swift; path = PokemonUITestsLaunchTests.swift; sourceTree = "<group>"; };
		AE9DDE2428B9FC7E00B5E12E /* PokemonData.swift */ = {isa = PBXFileReference; lastKnownFileType = sourcecode.swift; path = PokemonData.swift; sourceTree = "<group>"; };
		AED067B928BB707A00D42AD9 /* FavoriteTableCellView.swift */ = {isa = PBXFileReference; lastKnownFileType = sourcecode.swift; path = FavoriteTableCellView.swift; sourceTree = "<group>"; };
		AEF1260D28B9FD5300E9E9B1 /* PokemonTableView.swift */ = {isa = PBXFileReference; lastKnownFileType = sourcecode.swift; path = PokemonTableView.swift; sourceTree = "<group>"; };
		AEF1260F28B9FD7B00E9E9B1 /* PokemonTableCellView.swift */ = {isa = PBXFileReference; lastKnownFileType = sourcecode.swift; path = PokemonTableCellView.swift; sourceTree = "<group>"; };
		AEF6CAD928BB1888006CD787 /* PokemonDetailView.swift */ = {isa = PBXFileReference; lastKnownFileType = sourcecode.swift; path = PokemonDetailView.swift; sourceTree = "<group>"; };
		AEF6CADB28BB23F0006CD787 /* RouteManager.swift */ = {isa = PBXFileReference; lastKnownFileType = sourcecode.swift; path = RouteManager.swift; sourceTree = "<group>"; };
/* End PBXFileReference section */

/* Begin PBXFrameworksBuildPhase section */
		AE63D42A28B9F95200688AD2 /* Frameworks */ = {
			isa = PBXFrameworksBuildPhase;
			buildActionMask = 2147483647;
			files = (
				AED5CF8C28BD26B500B8E5C2 /* NetworkKit in Frameworks */,
				AE5D386928BA044A00ABE7BB /* Kingfisher in Frameworks */,
			);
			runOnlyForDeploymentPostprocessing = 0;
		};
		AE63D43A28B9F95400688AD2 /* Frameworks */ = {
			isa = PBXFrameworksBuildPhase;
			buildActionMask = 2147483647;
			files = (
			);
			runOnlyForDeploymentPostprocessing = 0;
		};
		AE63D44428B9F95400688AD2 /* Frameworks */ = {
			isa = PBXFrameworksBuildPhase;
			buildActionMask = 2147483647;
			files = (
			);
			runOnlyForDeploymentPostprocessing = 0;
		};
/* End PBXFrameworksBuildPhase section */

/* Begin PBXGroup section */
		AE001AD928BA1C9B00FB4F00 /* Helper */ = {
			isa = PBXGroup;
			children = (
				AE5D387328BA0E6700ABE7BB /* ForEachWithIndex.swift */,
			);
			path = Helper;
			sourceTree = "<group>";
		};
		AE5BD62928BA5793006BC59C /* Frameworks */ = {
			isa = PBXGroup;
			children = (
			);
			name = Frameworks;
			sourceTree = "<group>";
		};
		AE5BD62C28BA6063006BC59C /* HTTPRequest */ = {
			isa = PBXGroup;
			children = (
				AE5BD62D28BA60E9006BC59C /* PokemonListHTTPRequest.swift */,
				AE5BD62728BA571D006BC59C /* PokemonDataHTTPRequest.swift */,
			);
			path = HTTPRequest;
			sourceTree = "<group>";
		};
		AE63D42428B9F95200688AD2 = {
			isa = PBXGroup;
			children = (
				AE63D42F28B9F95200688AD2 /* Pokemon */,
				AE63D44028B9F95400688AD2 /* PokemonTests */,
				AE63D44A28B9F95400688AD2 /* PokemonUITests */,
				AE63D42E28B9F95200688AD2 /* Products */,
				AE5BD62928BA5793006BC59C /* Frameworks */,
			);
			sourceTree = "<group>";
		};
		AE63D42E28B9F95200688AD2 /* Products */ = {
			isa = PBXGroup;
			children = (
				AE63D42D28B9F95200688AD2 /* Pokemon.app */,
				AE63D43D28B9F95400688AD2 /* PokemonTests.xctest */,
				AE63D44728B9F95400688AD2 /* PokemonUITests.xctest */,
			);
			name = Products;
			sourceTree = "<group>";
		};
		AE63D42F28B9F95200688AD2 /* Pokemon */ = {
			isa = PBXGroup;
			children = (
				AE63D43028B9F95200688AD2 /* PokemonApp.swift */,
				AE63D43228B9F95200688AD2 /* ContentView.swift */,
				AEF1260D28B9FD5300E9E9B1 /* PokemonTableView.swift */,
				AEF1260F28B9FD7B00E9E9B1 /* PokemonTableCellView.swift */,
				AEF6CAD928BB1888006CD787 /* PokemonDetailView.swift */,
				AE5D386E28BA0B3600ABE7BB /* PokemonViewModel.swift */,
				AEF6CADB28BB23F0006CD787 /* RouteManager.swift */,
				AE9DDE2428B9FC7E00B5E12E /* PokemonData.swift */,
				AE5D386A28BA0A4200ABE7BB /* FavoriteTableView.swift */,
				AED067B928BB707A00D42AD9 /* FavoriteTableCellView.swift */,
				AE5BD62C28BA6063006BC59C /* HTTPRequest */,
				AE63D43428B9F95400688AD2 /* Assets.xcassets */,
				AE001AD928BA1C9B00FB4F00 /* Helper */,
				AE63D43628B9F95400688AD2 /* Preview Content */,
			);
			path = Pokemon;
			sourceTree = "<group>";
		};
		AE63D43628B9F95400688AD2 /* Preview Content */ = {
			isa = PBXGroup;
			children = (
				AE5D386C28BA0A9500ABE7BB /* SampleData.swift */,
				AE63D43728B9F95400688AD2 /* Preview Assets.xcassets */,
			);
			path = "Preview Content";
			sourceTree = "<group>";
		};
		AE63D44028B9F95400688AD2 /* PokemonTests */ = {
			isa = PBXGroup;
			children = (
				AE63D44128B9F95400688AD2 /* PokemonTests.swift */,
				AE56272C28BBBB8C00C19B2E /* PokemonViewModelTests.swift */,
			);
			path = PokemonTests;
			sourceTree = "<group>";
		};
		AE63D44A28B9F95400688AD2 /* PokemonUITests */ = {
			isa = PBXGroup;
			children = (
				AE63D44B28B9F95400688AD2 /* PokemonUITests.swift */,
				AE63D44D28B9F95400688AD2 /* PokemonUITestsLaunchTests.swift */,
			);
			path = PokemonUITests;
			sourceTree = "<group>";
		};
/* End PBXGroup section */

/* Begin PBXNativeTarget section */
		AE63D42C28B9F95200688AD2 /* Pokemon */ = {
			isa = PBXNativeTarget;
			buildConfigurationList = AE63D45128B9F95400688AD2 /* Build configuration list for PBXNativeTarget "Pokemon" */;
			buildPhases = (
				AE63D42928B9F95200688AD2 /* Sources */,
				AE63D42A28B9F95200688AD2 /* Frameworks */,
				AE63D42B28B9F95200688AD2 /* Resources */,
			);
			buildRules = (
			);
			dependencies = (
			);
			name = Pokemon;
			packageProductDependencies = (
				AE5D386828BA044A00ABE7BB /* Kingfisher */,
				AED5CF8B28BD26B500B8E5C2 /* NetworkKit */,
			);
			productName = Pokemon;
			productReference = AE63D42D28B9F95200688AD2 /* Pokemon.app */;
			productType = "com.apple.product-type.application";
		};
		AE63D43C28B9F95400688AD2 /* PokemonTests */ = {
			isa = PBXNativeTarget;
			buildConfigurationList = AE63D45428B9F95400688AD2 /* Build configuration list for PBXNativeTarget "PokemonTests" */;
			buildPhases = (
				AE63D43928B9F95400688AD2 /* Sources */,
				AE63D43A28B9F95400688AD2 /* Frameworks */,
				AE63D43B28B9F95400688AD2 /* Resources */,
			);
			buildRules = (
			);
			dependencies = (
				AE63D43F28B9F95400688AD2 /* PBXTargetDependency */,
			);
			name = PokemonTests;
			productName = PokemonTests;
			productReference = AE63D43D28B9F95400688AD2 /* PokemonTests.xctest */;
			productType = "com.apple.product-type.bundle.unit-test";
		};
		AE63D44628B9F95400688AD2 /* PokemonUITests */ = {
			isa = PBXNativeTarget;
			buildConfigurationList = AE63D45728B9F95400688AD2 /* Build configuration list for PBXNativeTarget "PokemonUITests" */;
			buildPhases = (
				AE63D44328B9F95400688AD2 /* Sources */,
				AE63D44428B9F95400688AD2 /* Frameworks */,
				AE63D44528B9F95400688AD2 /* Resources */,
			);
			buildRules = (
			);
			dependencies = (
				AE63D44928B9F95400688AD2 /* PBXTargetDependency */,
			);
			name = PokemonUITests;
			productName = PokemonUITests;
			productReference = AE63D44728B9F95400688AD2 /* PokemonUITests.xctest */;
			productType = "com.apple.product-type.bundle.ui-testing";
		};
/* End PBXNativeTarget section */

/* Begin PBXProject section */
		AE63D42528B9F95200688AD2 /* Project object */ = {
			isa = PBXProject;
			attributes = {
				BuildIndependentTargetsInParallel = 1;
				LastSwiftUpdateCheck = 1340;
				LastUpgradeCheck = 1340;
				TargetAttributes = {
					AE63D42C28B9F95200688AD2 = {
						CreatedOnToolsVersion = 13.4.1;
					};
					AE63D43C28B9F95400688AD2 = {
						CreatedOnToolsVersion = 13.4.1;
						TestTargetID = AE63D42C28B9F95200688AD2;
					};
					AE63D44628B9F95400688AD2 = {
						CreatedOnToolsVersion = 13.4.1;
						TestTargetID = AE63D42C28B9F95200688AD2;
					};
				};
			};
			buildConfigurationList = AE63D42828B9F95200688AD2 /* Build configuration list for PBXProject "Pokemon" */;
			compatibilityVersion = "Xcode 13.0";
			developmentRegion = en;
			hasScannedForEncodings = 0;
			knownRegions = (
				en,
				Base,
			);
			mainGroup = AE63D42428B9F95200688AD2;
			packageReferences = (
				AE5D386728BA044A00ABE7BB /* XCRemoteSwiftPackageReference "Kingfisher" */,
				AED5CF8A28BD26B500B8E5C2 /* XCRemoteSwiftPackageReference "NetworkKit" */,
			);
			productRefGroup = AE63D42E28B9F95200688AD2 /* Products */;
			projectDirPath = "";
			projectRoot = "";
			targets = (
				AE63D42C28B9F95200688AD2 /* Pokemon */,
				AE63D43C28B9F95400688AD2 /* PokemonTests */,
				AE63D44628B9F95400688AD2 /* PokemonUITests */,
			);
		};
/* End PBXProject section */

/* Begin PBXResourcesBuildPhase section */
		AE63D42B28B9F95200688AD2 /* Resources */ = {
			isa = PBXResourcesBuildPhase;
			buildActionMask = 2147483647;
			files = (
				AE63D43828B9F95400688AD2 /* Preview Assets.xcassets in Resources */,
				AE63D43528B9F95400688AD2 /* Assets.xcassets in Resources */,
			);
			runOnlyForDeploymentPostprocessing = 0;
		};
		AE63D43B28B9F95400688AD2 /* Resources */ = {
			isa = PBXResourcesBuildPhase;
			buildActionMask = 2147483647;
			files = (
			);
			runOnlyForDeploymentPostprocessing = 0;
		};
		AE63D44528B9F95400688AD2 /* Resources */ = {
			isa = PBXResourcesBuildPhase;
			buildActionMask = 2147483647;
			files = (
			);
			runOnlyForDeploymentPostprocessing = 0;
		};
/* End PBXResourcesBuildPhase section */

/* Begin PBXSourcesBuildPhase section */
		AE63D42928B9F95200688AD2 /* Sources */ = {
			isa = PBXSourcesBuildPhase;
			buildActionMask = 2147483647;
			files = (
				AE63D43328B9F95200688AD2 /* ContentView.swift in Sources */,
				AE5D386D28BA0A9500ABE7BB /* SampleData.swift in Sources */,
				AE5D387428BA0E6700ABE7BB /* ForEachWithIndex.swift in Sources */,
				AEF1260E28B9FD5300E9E9B1 /* PokemonTableView.swift in Sources */,
				AE63D43128B9F95200688AD2 /* PokemonApp.swift in Sources */,
				AEF6CADA28BB1888006CD787 /* PokemonDetailView.swift in Sources */,
				AEF6CADC28BB23F0006CD787 /* RouteManager.swift in Sources */,
				AED067BA28BB707A00D42AD9 /* FavoriteTableCellView.swift in Sources */,
				AEF1261028B9FD7B00E9E9B1 /* PokemonTableCellView.swift in Sources */,
				AE9DDE2528B9FC7E00B5E12E /* PokemonData.swift in Sources */,
				AE5D386F28BA0B3600ABE7BB /* PokemonViewModel.swift in Sources */,
				AE5D386B28BA0A4200ABE7BB /* FavoriteTableView.swift in Sources */,
				AE5BD62828BA571D006BC59C /* PokemonDataHTTPRequest.swift in Sources */,
				AE5BD62E28BA60E9006BC59C /* PokemonListHTTPRequest.swift in Sources */,
			);
			runOnlyForDeploymentPostprocessing = 0;
		};
		AE63D43928B9F95400688AD2 /* Sources */ = {
			isa = PBXSourcesBuildPhase;
			buildActionMask = 2147483647;
			files = (
				AE56272D28BBBB8C00C19B2E /* PokemonViewModelTests.swift in Sources */,
				AE63D44228B9F95400688AD2 /* PokemonTests.swift in Sources */,
			);
			runOnlyForDeploymentPostprocessing = 0;
		};
		AE63D44328B9F95400688AD2 /* Sources */ = {
			isa = PBXSourcesBuildPhase;
			buildActionMask = 2147483647;
			files = (
				AE63D44E28B9F95400688AD2 /* PokemonUITestsLaunchTests.swift in Sources */,
				AE63D44C28B9F95400688AD2 /* PokemonUITests.swift in Sources */,
			);
			runOnlyForDeploymentPostprocessing = 0;
		};
/* End PBXSourcesBuildPhase section */

/* Begin PBXTargetDependency section */
		AE63D43F28B9F95400688AD2 /* PBXTargetDependency */ = {
			isa = PBXTargetDependency;
			target = AE63D42C28B9F95200688AD2 /* Pokemon */;
			targetProxy = AE63D43E28B9F95400688AD2 /* PBXContainerItemProxy */;
		};
		AE63D44928B9F95400688AD2 /* PBXTargetDependency */ = {
			isa = PBXTargetDependency;
			target = AE63D42C28B9F95200688AD2 /* Pokemon */;
			targetProxy = AE63D44828B9F95400688AD2 /* PBXContainerItemProxy */;
		};
/* End PBXTargetDependency section */

/* Begin XCBuildConfiguration section */
		AE63D44F28B9F95400688AD2 /* Debug */ = {
			isa = XCBuildConfiguration;
			buildSettings = {
				ALWAYS_SEARCH_USER_PATHS = NO;
				CLANG_ANALYZER_NONNULL = YES;
				CLANG_ANALYZER_NUMBER_OBJECT_CONVERSION = YES_AGGRESSIVE;
				CLANG_CXX_LANGUAGE_STANDARD = "gnu++17";
				CLANG_ENABLE_MODULES = YES;
				CLANG_ENABLE_OBJC_ARC = YES;
				CLANG_ENABLE_OBJC_WEAK = YES;
				CLANG_WARN_BLOCK_CAPTURE_AUTORELEASING = YES;
				CLANG_WARN_BOOL_CONVERSION = YES;
				CLANG_WARN_COMMA = YES;
				CLANG_WARN_CONSTANT_CONVERSION = YES;
				CLANG_WARN_DEPRECATED_OBJC_IMPLEMENTATIONS = YES;
				CLANG_WARN_DIRECT_OBJC_ISA_USAGE = YES_ERROR;
				CLANG_WARN_DOCUMENTATION_COMMENTS = YES;
				CLANG_WARN_EMPTY_BODY = YES;
				CLANG_WARN_ENUM_CONVERSION = YES;
				CLANG_WARN_INFINITE_RECURSION = YES;
				CLANG_WARN_INT_CONVERSION = YES;
				CLANG_WARN_NON_LITERAL_NULL_CONVERSION = YES;
				CLANG_WARN_OBJC_IMPLICIT_RETAIN_SELF = YES;
				CLANG_WARN_OBJC_LITERAL_CONVERSION = YES;
				CLANG_WARN_OBJC_ROOT_CLASS = YES_ERROR;
				CLANG_WARN_QUOTED_INCLUDE_IN_FRAMEWORK_HEADER = YES;
				CLANG_WARN_RANGE_LOOP_ANALYSIS = YES;
				CLANG_WARN_STRICT_PROTOTYPES = YES;
				CLANG_WARN_SUSPICIOUS_MOVE = YES;
				CLANG_WARN_UNGUARDED_AVAILABILITY = YES_AGGRESSIVE;
				CLANG_WARN_UNREACHABLE_CODE = YES;
				CLANG_WARN__DUPLICATE_METHOD_MATCH = YES;
				COPY_PHASE_STRIP = NO;
				DEBUG_INFORMATION_FORMAT = dwarf;
				ENABLE_STRICT_OBJC_MSGSEND = YES;
				ENABLE_TESTABILITY = YES;
				GCC_C_LANGUAGE_STANDARD = gnu11;
				GCC_DYNAMIC_NO_PIC = NO;
				GCC_NO_COMMON_BLOCKS = YES;
				GCC_OPTIMIZATION_LEVEL = 0;
				GCC_PREPROCESSOR_DEFINITIONS = (
					"DEBUG=1",
					"$(inherited)",
				);
				GCC_WARN_64_TO_32_BIT_CONVERSION = YES;
				GCC_WARN_ABOUT_RETURN_TYPE = YES_ERROR;
				GCC_WARN_UNDECLARED_SELECTOR = YES;
				GCC_WARN_UNINITIALIZED_AUTOS = YES_AGGRESSIVE;
				GCC_WARN_UNUSED_FUNCTION = YES;
				GCC_WARN_UNUSED_VARIABLE = YES;
				IPHONEOS_DEPLOYMENT_TARGET = 15.5;
				MTL_ENABLE_DEBUG_INFO = INCLUDE_SOURCE;
				MTL_FAST_MATH = YES;
				ONLY_ACTIVE_ARCH = YES;
				SDKROOT = iphoneos;
				SWIFT_ACTIVE_COMPILATION_CONDITIONS = DEBUG;
				SWIFT_OPTIMIZATION_LEVEL = "-Onone";
			};
			name = Debug;
		};
		AE63D45028B9F95400688AD2 /* Release */ = {
			isa = XCBuildConfiguration;
			buildSettings = {
				ALWAYS_SEARCH_USER_PATHS = NO;
				CLANG_ANALYZER_NONNULL = YES;
				CLANG_ANALYZER_NUMBER_OBJECT_CONVERSION = YES_AGGRESSIVE;
				CLANG_CXX_LANGUAGE_STANDARD = "gnu++17";
				CLANG_ENABLE_MODULES = YES;
				CLANG_ENABLE_OBJC_ARC = YES;
				CLANG_ENABLE_OBJC_WEAK = YES;
				CLANG_WARN_BLOCK_CAPTURE_AUTORELEASING = YES;
				CLANG_WARN_BOOL_CONVERSION = YES;
				CLANG_WARN_COMMA = YES;
				CLANG_WARN_CONSTANT_CONVERSION = YES;
				CLANG_WARN_DEPRECATED_OBJC_IMPLEMENTATIONS = YES;
				CLANG_WARN_DIRECT_OBJC_ISA_USAGE = YES_ERROR;
				CLANG_WARN_DOCUMENTATION_COMMENTS = YES;
				CLANG_WARN_EMPTY_BODY = YES;
				CLANG_WARN_ENUM_CONVERSION = YES;
				CLANG_WARN_INFINITE_RECURSION = YES;
				CLANG_WARN_INT_CONVERSION = YES;
				CLANG_WARN_NON_LITERAL_NULL_CONVERSION = YES;
				CLANG_WARN_OBJC_IMPLICIT_RETAIN_SELF = YES;
				CLANG_WARN_OBJC_LITERAL_CONVERSION = YES;
				CLANG_WARN_OBJC_ROOT_CLASS = YES_ERROR;
				CLANG_WARN_QUOTED_INCLUDE_IN_FRAMEWORK_HEADER = YES;
				CLANG_WARN_RANGE_LOOP_ANALYSIS = YES;
				CLANG_WARN_STRICT_PROTOTYPES = YES;
				CLANG_WARN_SUSPICIOUS_MOVE = YES;
				CLANG_WARN_UNGUARDED_AVAILABILITY = YES_AGGRESSIVE;
				CLANG_WARN_UNREACHABLE_CODE = YES;
				CLANG_WARN__DUPLICATE_METHOD_MATCH = YES;
				COPY_PHASE_STRIP = NO;
				DEBUG_INFORMATION_FORMAT = "dwarf-with-dsym";
				ENABLE_NS_ASSERTIONS = NO;
				ENABLE_STRICT_OBJC_MSGSEND = YES;
				GCC_C_LANGUAGE_STANDARD = gnu11;
				GCC_NO_COMMON_BLOCKS = YES;
				GCC_WARN_64_TO_32_BIT_CONVERSION = YES;
				GCC_WARN_ABOUT_RETURN_TYPE = YES_ERROR;
				GCC_WARN_UNDECLARED_SELECTOR = YES;
				GCC_WARN_UNINITIALIZED_AUTOS = YES_AGGRESSIVE;
				GCC_WARN_UNUSED_FUNCTION = YES;
				GCC_WARN_UNUSED_VARIABLE = YES;
				IPHONEOS_DEPLOYMENT_TARGET = 15.5;
				MTL_ENABLE_DEBUG_INFO = NO;
				MTL_FAST_MATH = YES;
				SDKROOT = iphoneos;
				SWIFT_COMPILATION_MODE = wholemodule;
				SWIFT_OPTIMIZATION_LEVEL = "-O";
				VALIDATE_PRODUCT = YES;
			};
			name = Release;
		};
		AE63D45228B9F95400688AD2 /* Debug */ = {
			isa = XCBuildConfiguration;
			buildSettings = {
				ASSETCATALOG_COMPILER_APPICON_NAME = AppIcon;
				ASSETCATALOG_COMPILER_GLOBAL_ACCENT_COLOR_NAME = AccentColor;
				CODE_SIGN_STYLE = Automatic;
				CURRENT_PROJECT_VERSION = 1;
				DEVELOPMENT_ASSET_PATHS = "\"Pokemon/Preview Content\"";
				DEVELOPMENT_TEAM = Z2Y87QNVT9;
				ENABLE_PREVIEWS = YES;
				GENERATE_INFOPLIST_FILE = YES;
				INFOPLIST_KEY_UIApplicationSceneManifest_Generation = YES;
				INFOPLIST_KEY_UIApplicationSupportsIndirectInputEvents = YES;
				INFOPLIST_KEY_UILaunchScreen_Generation = YES;
				INFOPLIST_KEY_UISupportedInterfaceOrientations_iPad = "UIInterfaceOrientationPortrait UIInterfaceOrientationPortraitUpsideDown UIInterfaceOrientationLandscapeLeft UIInterfaceOrientationLandscapeRight";
				INFOPLIST_KEY_UISupportedInterfaceOrientations_iPhone = "UIInterfaceOrientationPortrait UIInterfaceOrientationLandscapeLeft UIInterfaceOrientationLandscapeRight";
				LD_RUNPATH_SEARCH_PATHS = (
					"$(inherited)",
					"@executable_path/Frameworks",
				);
				MARKETING_VERSION = 1.0;
				PRODUCT_BUNDLE_IDENTIFIER = oyster.Pokemon;
				PRODUCT_NAME = "$(TARGET_NAME)";
				SWIFT_EMIT_LOC_STRINGS = YES;
				SWIFT_VERSION = 5.0;
				TARGETED_DEVICE_FAMILY = "1,2";
			};
			name = Debug;
		};
		AE63D45328B9F95400688AD2 /* Release */ = {
			isa = XCBuildConfiguration;
			buildSettings = {
				ASSETCATALOG_COMPILER_APPICON_NAME = AppIcon;
				ASSETCATALOG_COMPILER_GLOBAL_ACCENT_COLOR_NAME = AccentColor;
				CODE_SIGN_STYLE = Automatic;
				CURRENT_PROJECT_VERSION = 1;
				DEVELOPMENT_ASSET_PATHS = "\"Pokemon/Preview Content\"";
				DEVELOPMENT_TEAM = Z2Y87QNVT9;
				ENABLE_PREVIEWS = YES;
				GENERATE_INFOPLIST_FILE = YES;
				INFOPLIST_KEY_UIApplicationSceneManifest_Generation = YES;
				INFOPLIST_KEY_UIApplicationSupportsIndirectInputEvents = YES;
				INFOPLIST_KEY_UILaunchScreen_Generation = YES;
				INFOPLIST_KEY_UISupportedInterfaceOrientations_iPad = "UIInterfaceOrientationPortrait UIInterfaceOrientationPortraitUpsideDown UIInterfaceOrientationLandscapeLeft UIInterfaceOrientationLandscapeRight";
				INFOPLIST_KEY_UISupportedInterfaceOrientations_iPhone = "UIInterfaceOrientationPortrait UIInterfaceOrientationLandscapeLeft UIInterfaceOrientationLandscapeRight";
				LD_RUNPATH_SEARCH_PATHS = (
					"$(inherited)",
					"@executable_path/Frameworks",
				);
				MARKETING_VERSION = 1.0;
				PRODUCT_BUNDLE_IDENTIFIER = oyster.Pokemon;
				PRODUCT_NAME = "$(TARGET_NAME)";
				SWIFT_EMIT_LOC_STRINGS = YES;
				SWIFT_VERSION = 5.0;
				TARGETED_DEVICE_FAMILY = "1,2";
			};
			name = Release;
		};
		AE63D45528B9F95400688AD2 /* Debug */ = {
			isa = XCBuildConfiguration;
			buildSettings = {
				ALWAYS_EMBED_SWIFT_STANDARD_LIBRARIES = YES;
				BUNDLE_LOADER = "$(TEST_HOST)";
				CODE_SIGN_STYLE = Automatic;
				CURRENT_PROJECT_VERSION = 1;
				DEVELOPMENT_TEAM = Z2Y87QNVT9;
				GENERATE_INFOPLIST_FILE = YES;
				IPHONEOS_DEPLOYMENT_TARGET = 15.5;
				MARKETING_VERSION = 1.0;
				PRODUCT_BUNDLE_IDENTIFIER = oyster.PokemonTests;
				PRODUCT_NAME = "$(TARGET_NAME)";
				SWIFT_EMIT_LOC_STRINGS = NO;
				SWIFT_VERSION = 5.0;
				TARGETED_DEVICE_FAMILY = "1,2";
				TEST_HOST = "$(BUILT_PRODUCTS_DIR)/Pokemon.app/Pokemon";
			};
			name = Debug;
		};
		AE63D45628B9F95400688AD2 /* Release */ = {
			isa = XCBuildConfiguration;
			buildSettings = {
				ALWAYS_EMBED_SWIFT_STANDARD_LIBRARIES = YES;
				BUNDLE_LOADER = "$(TEST_HOST)";
				CODE_SIGN_STYLE = Automatic;
				CURRENT_PROJECT_VERSION = 1;
				DEVELOPMENT_TEAM = Z2Y87QNVT9;
				GENERATE_INFOPLIST_FILE = YES;
				IPHONEOS_DEPLOYMENT_TARGET = 15.5;
				MARKETING_VERSION = 1.0;
				PRODUCT_BUNDLE_IDENTIFIER = oyster.PokemonTests;
				PRODUCT_NAME = "$(TARGET_NAME)";
				SWIFT_EMIT_LOC_STRINGS = NO;
				SWIFT_VERSION = 5.0;
				TARGETED_DEVICE_FAMILY = "1,2";
				TEST_HOST = "$(BUILT_PRODUCTS_DIR)/Pokemon.app/Pokemon";
			};
			name = Release;
		};
		AE63D45828B9F95400688AD2 /* Debug */ = {
			isa = XCBuildConfiguration;
			buildSettings = {
				ALWAYS_EMBED_SWIFT_STANDARD_LIBRARIES = YES;
				CODE_SIGN_STYLE = Automatic;
				CURRENT_PROJECT_VERSION = 1;
				DEVELOPMENT_TEAM = Z2Y87QNVT9;
				GENERATE_INFOPLIST_FILE = YES;
				MARKETING_VERSION = 1.0;
				PRODUCT_BUNDLE_IDENTIFIER = oyster.PokemonUITests;
				PRODUCT_NAME = "$(TARGET_NAME)";
				SWIFT_EMIT_LOC_STRINGS = NO;
				SWIFT_VERSION = 5.0;
				TARGETED_DEVICE_FAMILY = "1,2";
				TEST_TARGET_NAME = Pokemon;
			};
			name = Debug;
		};
		AE63D45928B9F95400688AD2 /* Release */ = {
			isa = XCBuildConfiguration;
			buildSettings = {
				ALWAYS_EMBED_SWIFT_STANDARD_LIBRARIES = YES;
				CODE_SIGN_STYLE = Automatic;
				CURRENT_PROJECT_VERSION = 1;
				DEVELOPMENT_TEAM = Z2Y87QNVT9;
				GENERATE_INFOPLIST_FILE = YES;
				MARKETING_VERSION = 1.0;
				PRODUCT_BUNDLE_IDENTIFIER = oyster.PokemonUITests;
				PRODUCT_NAME = "$(TARGET_NAME)";
				SWIFT_EMIT_LOC_STRINGS = NO;
				SWIFT_VERSION = 5.0;
				TARGETED_DEVICE_FAMILY = "1,2";
				TEST_TARGET_NAME = Pokemon;
			};
			name = Release;
		};
/* End XCBuildConfiguration section */

/* Begin XCConfigurationList section */
		AE63D42828B9F95200688AD2 /* Build configuration list for PBXProject "Pokemon" */ = {
			isa = XCConfigurationList;
			buildConfigurations = (
				AE63D44F28B9F95400688AD2 /* Debug */,
				AE63D45028B9F95400688AD2 /* Release */,
			);
			defaultConfigurationIsVisible = 0;
			defaultConfigurationName = Release;
		};
		AE63D45128B9F95400688AD2 /* Build configuration list for PBXNativeTarget "Pokemon" */ = {
			isa = XCConfigurationList;
			buildConfigurations = (
				AE63D45228B9F95400688AD2 /* Debug */,
				AE63D45328B9F95400688AD2 /* Release */,
			);
			defaultConfigurationIsVisible = 0;
			defaultConfigurationName = Release;
		};
		AE63D45428B9F95400688AD2 /* Build configuration list for PBXNativeTarget "PokemonTests" */ = {
			isa = XCConfigurationList;
			buildConfigurations = (
				AE63D45528B9F95400688AD2 /* Debug */,
				AE63D45628B9F95400688AD2 /* Release */,
			);
			defaultConfigurationIsVisible = 0;
			defaultConfigurationName = Release;
		};
		AE63D45728B9F95400688AD2 /* Build configuration list for PBXNativeTarget "PokemonUITests" */ = {
			isa = XCConfigurationList;
			buildConfigurations = (
				AE63D45828B9F95400688AD2 /* Debug */,
				AE63D45928B9F95400688AD2 /* Release */,
			);
			defaultConfigurationIsVisible = 0;
			defaultConfigurationName = Release;
		};
/* End XCConfigurationList section */

/* Begin XCRemoteSwiftPackageReference section */
		AE5D386728BA044A00ABE7BB /* XCRemoteSwiftPackageReference "Kingfisher" */ = {
			isa = XCRemoteSwiftPackageReference;
			repositoryURL = "https://github.com/onevcat/Kingfisher";
			requirement = {
				kind = upToNextMajorVersion;
				minimumVersion = 7.0.0;
			};
		};
		AED5CF8A28BD26B500B8E5C2 /* XCRemoteSwiftPackageReference "NetworkKit" */ = {
			isa = XCRemoteSwiftPackageReference;
			repositoryURL = "https://github.com/jenhausu/NetworkKit";
			requirement = {
				branch = master;
				kind = branch;
			};
		};
/* End XCRemoteSwiftPackageReference section */

/* Begin XCSwiftPackageProductDependency section */
		AE5D386828BA044A00ABE7BB /* Kingfisher */ = {
			isa = XCSwiftPackageProductDependency;
			package = AE5D386728BA044A00ABE7BB /* XCRemoteSwiftPackageReference "Kingfisher" */;
			productName = Kingfisher;
		};
		AED5CF8B28BD26B500B8E5C2 /* NetworkKit */ = {
			isa = XCSwiftPackageProductDependency;
			package = AED5CF8A28BD26B500B8E5C2 /* XCRemoteSwiftPackageReference "NetworkKit" */;
			productName = NetworkKit;
		};
/* End XCSwiftPackageProductDependency section */
	};
	rootObject = AE63D42528B9F95200688AD2 /* Project object */;
}
