{
  "pins" : [
    {
      "identity" : "kingfisher",
      "kind" : "remoteSourceControl",
      "location" : "https://github.com/onevcat/Kingfisher",
      "state" : {
        "revision" : "be1a1acb283a702b99b630f586877ba02234b4cb",
        "version" : "7.3.2"
      }
    },
    {
      "identity" : "networkkit",
      "kind" : "remoteSourceControl",
      "location" : "https://github.com/jenhausu/NetworkKit",
      "state" : {
        "branch" : "master",
        "revision" : "917f8bc972f747dcc8f8bab9d0d05f38acc65b7f"
      }
    }
  ],
  "version" : 2
}
